<Solution>
  <Folder Name="SolutionItems">
    <File Path="LICENSE" />
    <File Path="Readme.md" />
    <File Path=".editorconfig" />
  </Folder>
  <Project Path="MatrixMultiplication.Tests\MatrixMultiplication.Tests.csproj" Type="Classic C#" />
  <Project Path="MatrixMultiplication\MatrixMultiplication.csproj" Type="Classic C#" />
</Solution>